
Microsoft Visual Studio Solution File, Format Version 12.00
# Visual Studio 15
VisualStudioVersion = 15.0.26403.7
MinimumVisualStudioVersion = 10.0.40219.1
Project("{FAE04EC0-301F-11D3-BF4B-00C04F79EFBC}") = "IisLogArchiver", "IisLogArchiver\IisLogArchiver.csproj", "{0A759BD9-685C-4878-8EBC-27F8512D7177}"
EndProject
Project("{FAE04EC0-301F-11D3-BF4B-00C04F79EFBC}") = "IisLogArchiverTests", "IisLogArchiverTests\IisLogArchiverTests.csproj", "{A27C9133-D10E-4916-BF4C-435D83657CE2}"
EndProject
Global
	GlobalSection(SolutionConfigurationPlatforms) = preSolution
		Debug|Any CPU = Debug|Any CPU
		Release|Any CPU = Release|Any CPU
	EndGlobalSection
	GlobalSection(ProjectConfigurationPlatforms) = postSolution
		{0A759BD9-685C-4878-8EBC-27F8512D7177}.Debug|Any CPU.ActiveCfg = Debug|Any CPU
		{0A759BD9-685C-4878-8EBC-27F8512D7177}.Debug|Any CPU.Build.0 = Debug|Any CPU
		{0A759BD9-685C-4878-8EBC-27F8512D7177}.Release|Any CPU.ActiveCfg = Release|Any CPU
		{0A759BD9-685C-4878-8EBC-27F8512D7177}.Release|Any CPU.Build.0 = Release|Any CPU
		{A27C9133-D10E-4916-BF4C-435D83657CE2}.Debug|Any CPU.ActiveCfg = Debug|Any CPU
		{A27C9133-D10E-4916-BF4C-435D83657CE2}.Debug|Any CPU.Build.0 = Debug|Any CPU
		{A27C9133-D10E-4916-BF4C-435D83657CE2}.Release|Any CPU.ActiveCfg = Release|Any CPU
		{A27C9133-D10E-4916-BF4C-435D83657CE2}.Release|Any CPU.Build.0 = Release|Any CPU
	EndGlobalSection
	GlobalSection(SolutionProperties) = preSolution
		HideSolutionNode = FALSE
	EndGlobalSection
	GlobalSection(TeamFoundationVersionControl) = preSolution
		SccNumberOfProjects = 3
		SccEnterpriseProvider = {4CA58AB2-18FA-4F8D-95D4-32DDF27D184C}
		SccTeamFoundationServer = http://tfs:8080/tfs/default
		SccLocalPath0 = .
		SccProjectUniqueName1 = IisLogArchiver\\IisLogArchiver.csproj
		SccProjectName1 = IisLogArchiver
		SccLocalPath1 = IisLogArchiver
		SccProjectUniqueName2 = IisLogArchiverTests\\IisLogArchiverTests.csproj
		SccProjectName2 = IisLogArchiverTests
		SccLocalPath2 = IisLogArchiverTests
	EndGlobalSection
EndGlobal
